{
  "version": "5",
  "specifiers": {
    "jsr:@opentf/obj-diff@0.11": "0.11.0",
    "jsr:@opentf/std@0.12.0": "0.12.0",
    "jsr:@std/fs@^1.0.19": "1.0.24",
    "jsr:@std/internal@^1.0.14": "1.0.14",
    "jsr:@std/path@^1.1.5": "1.1.6",
    "jsr:@unyt/speck@^0.0.13": "0.0.13",
    "npm:github-slugger@2": "2.0.0",
    "npm:tablemark@^4.1.0": "4.1.0"
  },
  "jsr": {
    "@opentf/obj-diff@0.11.0": {
      "integrity": "61f2d870b6b437fbf339ea020a0f9920ee889a1236a6618d81027dee73e90b2f",
      "dependencies": [
        "jsr:@opentf/std"
      ]
    },
    "@opentf/std@0.12.0": {
      "integrity": "a78ec5cee300c4379dda0e92458ae372a9e871daef7b2aa2a53cb2314a276980"
    },
    "@std/fs@1.0.24": {
      "integrity": "f3061b45b81673a2bece689da041df32d174be064c89eb6397fb5718d3fb7877",
      "dependencies": [
        "jsr:@std/path"
      ]
    },
    "@std/internal@1.0.14": {
      "integrity": "291516b3d4c35024d6ffbc0a9df5bf4c64116e05b50012cf846710152d2ffdf7"
    },
    "@std/path@1.1.6": {
      "integrity": "c68485c2a4dfbb5ae3cc74fae4e8c4e5d874cf8a8ed12927917235c758b46cbe",
      "dependencies": [
        "jsr:@std/internal"
      ]
    },
    "@unyt/speck@0.0.13": {
      "integrity": "5f419ad6116168443f85a9d75e0d91ce9ce9eb73c982c294f3417c54c25bdbb0",
      "dependencies": [
        "jsr:@std/fs",
        "npm:github-slugger",
        "npm:tablemark"
      ]
    }
  },
  "npm": {
    "ansi-regex@6.3.0": {
      "integrity": "sha512-WpDfL7NO6j7tH88IDBNVdUJxDh9nmCteAVW9dsep846XdwF4naCBK+/tGLX3KJgcpgMRXCFlTM2hKGoK9FsdrQ=="
    },
    "ansi-styles@6.2.3": {
      "integrity": "sha512-4Dj6M28JB+oAH8kFkTLUo+a2jwOFkuqb3yucU0CANcRRUbxS0cP0nZYCGjcc3BNXwRIsUVmDGgzawme7zvJHvg=="
    },
    "change-case@5.4.4": {
      "integrity": "sha512-HRQyTk2/YPEkt9TnUPbOpr64Uw3KOicFWPVBb+xiHvd6eBx/qPr9xqfBFDT8P2vWsvvz4jbEkfDe71W3VyNu2w=="
    },
    "emoji-regex@10.6.0": {
      "integrity": "sha512-toUI84YS5YmxW219erniWD0CIVOo46xGKColeNQRgOzDorgBi1v4D71/OFzgD9GO2UGKIv1C3Sp8DAn0+j5w7A=="
    },
    "get-east-asian-width@1.6.0": {
      "integrity": "sha512-QRbvDIbx6YklUe6RxeTeleMR0yv3cYH6PsPZHcnVn7xv7zO1BHN8r0XETu8n6Ye3Q+ahtSarc3WgtNWmehIBfA=="
    },
    "github-slugger@2.0.0": {
      "integrity": "sha512-IaOQ9puYtjrkq7Y0Ygl9KDZnrf/aiUJYUpVf89y8kyaxbRG7Y1SrX/jaumrv81vc61+kiMempujsM3Yw7w5qcw=="
    },
    "string-width@7.2.0": {
      "integrity": "sha512-tsaTIkKW9b4N+AEj+SVA+WhJzV7/zMhcSu78mLKWSk7cXMOSHsBKFWUs0fWwq8QyK3MgJBQRX6Gbi4kYbdvGkQ==",
      "dependencies": [
        "emoji-regex",
        "get-east-asian-width",
        "strip-ansi"
      ]
    },
    "string-width@8.2.2": {
      "integrity": "sha512-GaPUh5gfdrYzqeVNZvUfT23vYYxXzKYidUcnMtJg/3rxRV63EFZy3k6xfKlmfeJD0176lnUV/Usr3XcwSvFzpg==",
      "dependencies": [
        "get-east-asian-width",
        "strip-ansi"
      ]
    },
    "strip-ansi@7.2.0": {
      "integrity": "sha512-yDPMNjp4WyfYBkHnjIRLfca1i6KMyGCtsVgoKe/z1+6vukgaENdgGBZt+ZmKPc4gavvEZ5OgHfHdrazhgNyG7w==",
      "dependencies": [
        "ansi-regex"
      ]
    },
    "tablemark@4.1.0": {
      "integrity": "sha512-B3LDjbDo+ac+D5RwkBOPZZ6ua8716KdT+6NO3DKOCHJq0ezE6vV2r92rjrC1ci2H+ocuysl5ytf1T0QqV65yoA==",
      "dependencies": [
        "ansi-regex",
        "change-case",
        "string-width@8.2.2",
        "wordwrapjs",
        "wrap-ansi"
      ]
    },
    "wordwrapjs@5.1.1": {
      "integrity": "sha512-0yweIbkINJodk27gX9LBGMzyQdBDan3s/dEAiwBOj+Mf0PPyWL6/rikalkv8EeD0E8jm4o5RXEOrFTP3NXbhJg=="
    },
    "wrap-ansi@9.0.2": {
      "integrity": "sha512-42AtmgqjV+X1VpdOfyTGOYRi0/zsoLqtXQckTmqTeybT+BDIbM/Guxo7x3pE2vtpr1ok6xRqM9OpBe+Jyoqyww==",
      "dependencies": [
        "ansi-styles",
        "string-width@7.2.0",
        "strip-ansi"
      ]
    }
  },
  "remote": {
    "https://raw.githubusercontent.com/unyt-org/speck/refs/heads/main/examples/dxb.json?token": "eebb55680a419f1055e5250e08dd3cc669a6f9b5721d99d083166be080931c62"
  },
  "workspace": {
    "dependencies": [
      "jsr:@opentf/obj-diff@0.11",
      "jsr:@unyt/speck@^0.0.13"
    ]
  }
}
